PODS:
  - ObjectMapper (3.0.0)
  - PromiseKit (4.4.3):
    - PromiseKit/Foundation (= 4.4.3)
    - PromiseKit/QuartzCore (= 4.4.3)
    - PromiseKit/UIKit (= 4.4.3)
  - PromiseKit/CorePromise (4.4.3)
  - PromiseKit/Foundation (4.4.3):
    - PromiseKit/CorePromise
  - PromiseKit/QuartzCore (4.4.3):
    - PromiseKit/CorePromise
  - PromiseKit/UIKit (4.4.3):
    - PromiseKit/CorePromise
  - Realm (2.10.2):
    - Realm/Headers (= 2.10.2)
  - Realm/Headers (2.10.2)
  - RealmSwift (2.10.2):
    - Realm (= 2.10.2)

DEPENDENCIES:
  - ObjectMapper
  - PromiseKit
  - RealmSwift

SPEC CHECKSUMS:
  ObjectMapper: 92230db59bf8f341a5c3a3cf0b9fbdde3cf0d87f
  PromiseKit: fbb52a0d154402c57eeb6eccd36dd7724fcf6117
  Realm: 0ef72b837fb67e9f4b098bac771ddd72c7fdbb69
  RealmSwift: 07a9ae0505091eda6b2ee7c190c3786d6e90a7b0

PODFILE CHECKSUM: e6a7fc72ae78917ec6f1ae5938e63144ab0b250e

COCOAPODS: 1.3.1
